
Microsoft Visual Studio Solution File, Format Version 12.00
# Visual Studio 14
VisualStudioVersion = 14.0.25123.0
MinimumVisualStudioVersion = 10.0.40219.1
Project("{FAE04EC0-301F-11D3-BF4B-00C04F79EFBC}") = "Sequin.Autofac", "Sequin.Autofac\Sequin.Autofac.csproj", "{5949C7DE-61A6-4080-B818-6C565478D92C}"
EndProject
Project("{2150E333-8FDC-42A3-9474-1A3956D46DE8}") = "Samples", "Samples", "{0AE53FDC-B45B-44D5-BC93-515A94983DF5}"
EndProject
Project("{FAE04EC0-301F-11D3-BF4B-00C04F79EFBC}") = "Sequin.Autofac.Sample", "Sequin.Autofac.Sample\Sequin.Autofac.Sample.csproj", "{D684795E-29AD-4747-80D8-37A0B06E5518}"
EndProject
Global
	GlobalSection(SolutionConfigurationPlatforms) = preSolution
		Debug|Any CPU = Debug|Any CPU
		Release|Any CPU = Release|Any CPU
	EndGlobalSection
	GlobalSection(ProjectConfigurationPlatforms) = postSolution
		{5949C7DE-61A6-4080-B818-6C565478D92C}.Debug|Any CPU.ActiveCfg = Debug|Any CPU
		{5949C7DE-61A6-4080-B818-6C565478D92C}.Debug|Any CPU.Build.0 = Debug|Any CPU
		{5949C7DE-61A6-4080-B818-6C565478D92C}.Release|Any CPU.ActiveCfg = Release|Any CPU
		{5949C7DE-61A6-4080-B818-6C565478D92C}.Release|Any CPU.Build.0 = Release|Any CPU
		{D684795E-29AD-4747-80D8-37A0B06E5518}.Debug|Any CPU.ActiveCfg = Debug|Any CPU
		{D684795E-29AD-4747-80D8-37A0B06E5518}.Debug|Any CPU.Build.0 = Debug|Any CPU
		{D684795E-29AD-4747-80D8-37A0B06E5518}.Release|Any CPU.ActiveCfg = Release|Any CPU
		{D684795E-29AD-4747-80D8-37A0B06E5518}.Release|Any CPU.Build.0 = Release|Any CPU
	EndGlobalSection
	GlobalSection(SolutionProperties) = preSolution
		HideSolutionNode = FALSE
	EndGlobalSection
	GlobalSection(NestedProjects) = preSolution
		{D684795E-29AD-4747-80D8-37A0B06E5518} = {0AE53FDC-B45B-44D5-BC93-515A94983DF5}
	EndGlobalSection
EndGlobal
